
Microsoft Visual Studio Solution File, Format Version 12.00
# Visual Studio Version 17
VisualStudioVersion = 17.11.35312.102
MinimumVisualStudioVersion = 10.0.40219.1
Project("{9A19103F-16F7-4668-BE54-9A1E7A4F7556}") = "Backend", "Backend\Backend.csproj", "{403A46B7-72A9-4B6C-B15C-2D6B1DE24037}"
EndProject
Project("{9A19103F-16F7-4668-BE54-9A1E7A4F7556}") = "Share", "Share\Share.csproj", "{DEEBF84F-FFB6-4497-AB35-960DDBC5F069}"
EndProject
Project("{9A19103F-16F7-4668-BE54-9A1E7A4F7556}") = "Frontend", "Frontend\Frontend.csproj", "{050ABE3D-EBB4-4A58-B958-82330ED6B7BC}"
	ProjectSection(ProjectDependencies) = postProject
		{DEEBF84F-FFB6-4497-AB35-960DDBC5F069} = {DEEBF84F-FFB6-4497-AB35-960DDBC5F069}
	EndProjectSection
EndProject
Global
	GlobalSection(SolutionConfigurationPlatforms) = preSolution
		Debug|Any CPU = Debug|Any CPU
		Release|Any CPU = Release|Any CPU
	EndGlobalSection
	GlobalSection(ProjectConfigurationPlatforms) = postSolution
		{403A46B7-72A9-4B6C-B15C-2D6B1DE24037}.Debug|Any CPU.ActiveCfg = Debug|Any CPU
		{403A46B7-72A9-4B6C-B15C-2D6B1DE24037}.Debug|Any CPU.Build.0 = Debug|Any CPU
		{403A46B7-72A9-4B6C-B15C-2D6B1DE24037}.Release|Any CPU.ActiveCfg = Release|Any CPU
		{403A46B7-72A9-4B6C-B15C-2D6B1DE24037}.Release|Any CPU.Build.0 = Release|Any CPU
		{DEEBF84F-FFB6-4497-AB35-960DDBC5F069}.Debug|Any CPU.ActiveCfg = Debug|Any CPU
		{DEEBF84F-FFB6-4497-AB35-960DDBC5F069}.Debug|Any CPU.Build.0 = Debug|Any CPU
		{DEEBF84F-FFB6-4497-AB35-960DDBC5F069}.Release|Any CPU.ActiveCfg = Release|Any CPU
		{DEEBF84F-FFB6-4497-AB35-960DDBC5F069}.Release|Any CPU.Build.0 = Release|Any CPU
		{050ABE3D-EBB4-4A58-B958-82330ED6B7BC}.Debug|Any CPU.ActiveCfg = Debug|Any CPU
		{050ABE3D-EBB4-4A58-B958-82330ED6B7BC}.Debug|Any CPU.Build.0 = Debug|Any CPU
		{050ABE3D-EBB4-4A58-B958-82330ED6B7BC}.Release|Any CPU.ActiveCfg = Release|Any CPU
		{050ABE3D-EBB4-4A58-B958-82330ED6B7BC}.Release|Any CPU.Build.0 = Release|Any CPU
	EndGlobalSection
	GlobalSection(SolutionProperties) = preSolution
		HideSolutionNode = FALSE
	EndGlobalSection
	GlobalSection(ExtensibilityGlobals) = postSolution
		SolutionGuid = {8BDE06E1-FCBB-4804-A709-97E76D54F399}
	EndGlobalSection
EndGlobal
